
Microsoft Visual Studio Solution File, Format Version 12.00
# Visual Studio Version 17
VisualStudioVersion = 17.7.34202.233
MinimumVisualStudioVersion = 10.0.40219.1
Project("{8BC9CEB8-8B4A-11D0-8D11-00A0C91BC942}") = "寻找身高相近的小朋友", "寻找身高相近的小朋友.vcxproj", "{4C9C060F-8DFF-4C74-827A-73E2A0C28670}"
EndProject
Project("{8BC9CEB8-8B4A-11D0-8D11-00A0C91BC942}") = "围棋的气", "..\围棋的气\围棋的气.vcxproj", "{0DC3E55B-AA8E-4E6F-8E49-59F731A941AE}"
EndProject
Project("{8BC9CEB8-8B4A-11D0-8D11-00A0C91BC942}") = "用连续自然数之和来表达整数", "..\用连续自然数之和来表达整数\用连续自然数之和来表达整数.vcxproj", "{6E3E3FCF-B1C0-4AF4-9275-39B0044B563E}"
EndProject
Project("{8BC9CEB8-8B4A-11D0-8D11-00A0C91BC942}") = "开源项目热榜", "..\开源项目热榜\开源项目热榜.vcxproj", "{58639826-A6C3-49A9-9211-A6D95F87B222}"
EndProject
Project("{8BC9CEB8-8B4A-11D0-8D11-00A0C91BC942}") = "API集群负载统计", "..\API集群负载统计\API集群负载统计.vcxproj", "{665FB339-EC8E-4CD9-AA35-627CE159E25C}"
EndProject
Project("{8BC9CEB8-8B4A-11D0-8D11-00A0C91BC942}") = "整数对最小和", "..\整数对最小和\整数对最小和.vcxproj", "{63856AA6-181E-45F1-A987-8A4443EA662A}"
EndProject
Project("{8BC9CEB8-8B4A-11D0-8D11-00A0C91BC942}") = "素数之积", "..\素数之积\素数之积.vcxproj", "{1F252888-D0A6-4266-B80A-81E2132B02DC}"
EndProject
Project("{8BC9CEB8-8B4A-11D0-8D11-00A0C91BC942}") = "CPU算力分配", "..\CPU算力分配\CPU算力分配.vcxproj", "{FFBD5F50-C2DA-444D-B341-EA958E5DFECC}"
EndProject
Project("{8BC9CEB8-8B4A-11D0-8D11-00A0C91BC942}") = "最大坐标值", "..\最大坐标值\最大坐标值.vcxproj", "{BB4277ED-E058-4A5C-9C8A-C754EF61CC41}"
EndProject
Project("{8BC9CEB8-8B4A-11D0-8D11-00A0C91BC942}") = "寻找最富裕的小家庭", "..\寻找最富裕的小家庭\寻找最富裕的小家庭.vcxproj", "{15286212-3CB6-446F-9768-53C8C030B670}"
EndProject
Project("{8BC9CEB8-8B4A-11D0-8D11-00A0C91BC942}") = "执行时长", "..\执行时长\执行时长.vcxproj", "{803E6E72-B527-4FE8-92AD-DEDA63604713}"
EndProject
Project("{8BC9CEB8-8B4A-11D0-8D11-00A0C91BC942}") = "虚拟游戏理财", "..\虚拟游戏理财\虚拟游戏理财.vcxproj", "{CE6B0108-0A56-4BD2-8238-A146CC4ADEC2}"
EndProject
Project("{8BC9CEB8-8B4A-11D0-8D11-00A0C91BC942}") = "万能字符单词拼写", "..\万能字符单词拼写\万能字符单词拼写.vcxproj", "{6E936108-5CAA-4FBB-B6CD-1589B16E1A48}"
EndProject
Project("{8BC9CEB8-8B4A-11D0-8D11-00A0C91BC942}") = "靠谱的车", "..\靠谱的车\靠谱的车.vcxproj", "{E9FD72AA-EC63-4F80-B748-8CC69C219A1B}"
EndProject
Project("{8BC9CEB8-8B4A-11D0-8D11-00A0C91BC942}") = "分割均衡字符串", "..\分割均衡字符串\分割均衡字符串.vcxproj", "{F8F11AE3-A60A-4CE9-9121-26BE4823DD53}"
EndProject
Project("{8BC9CEB8-8B4A-11D0-8D11-00A0C91BC942}") = "查找接口成功率最优时间段", "..\查找接口成功率最优时间段\查找接口成功率最优时间段.vcxproj", "{6B45093C-6476-4AFE-B94B-ECAB6C9AE52B}"
EndProject
Global
	GlobalSection(SolutionConfigurationPlatforms) = preSolution
		Debug|x64 = Debug|x64
		Debug|x86 = Debug|x86
		Release|x64 = Release|x64
		Release|x86 = Release|x86
	EndGlobalSection
	GlobalSection(ProjectConfigurationPlatforms) = postSolution
		{4C9C060F-8DFF-4C74-827A-73E2A0C28670}.Debug|x64.ActiveCfg = Debug|x64
		{4C9C060F-8DFF-4C74-827A-73E2A0C28670}.Debug|x64.Build.0 = Debug|x64
		{4C9C060F-8DFF-4C74-827A-73E2A0C28670}.Debug|x86.ActiveCfg = Debug|Win32
		{4C9C060F-8DFF-4C74-827A-73E2A0C28670}.Debug|x86.Build.0 = Debug|Win32
		{4C9C060F-8DFF-4C74-827A-73E2A0C28670}.Release|x64.ActiveCfg = Release|x64
		{4C9C060F-8DFF-4C74-827A-73E2A0C28670}.Release|x64.Build.0 = Release|x64
		{4C9C060F-8DFF-4C74-827A-73E2A0C28670}.Release|x86.ActiveCfg = Release|Win32
		{4C9C060F-8DFF-4C74-827A-73E2A0C28670}.Release|x86.Build.0 = Release|Win32
		{0DC3E55B-AA8E-4E6F-8E49-59F731A941AE}.Debug|x64.ActiveCfg = Debug|x64
		{0DC3E55B-AA8E-4E6F-8E49-59F731A941AE}.Debug|x64.Build.0 = Debug|x64
		{0DC3E55B-AA8E-4E6F-8E49-59F731A941AE}.Debug|x86.ActiveCfg = Debug|Win32
		{0DC3E55B-AA8E-4E6F-8E49-59F731A941AE}.Debug|x86.Build.0 = Debug|Win32
		{0DC3E55B-AA8E-4E6F-8E49-59F731A941AE}.Release|x64.ActiveCfg = Release|x64
		{0DC3E55B-AA8E-4E6F-8E49-59F731A941AE}.Release|x64.Build.0 = Release|x64
		{0DC3E55B-AA8E-4E6F-8E49-59F731A941AE}.Release|x86.ActiveCfg = Release|Win32
		{0DC3E55B-AA8E-4E6F-8E49-59F731A941AE}.Release|x86.Build.0 = Release|Win32
		{6E3E3FCF-B1C0-4AF4-9275-39B0044B563E}.Debug|x64.ActiveCfg = Debug|x64
		{6E3E3FCF-B1C0-4AF4-9275-39B0044B563E}.Debug|x64.Build.0 = Debug|x64
		{6E3E3FCF-B1C0-4AF4-9275-39B0044B563E}.Debug|x86.ActiveCfg = Debug|Win32
		{6E3E3FCF-B1C0-4AF4-9275-39B0044B563E}.Debug|x86.Build.0 = Debug|Win32
		{6E3E3FCF-B1C0-4AF4-9275-39B0044B563E}.Release|x64.ActiveCfg = Release|x64
		{6E3E3FCF-B1C0-4AF4-9275-39B0044B563E}.Release|x64.Build.0 = Release|x64
		{6E3E3FCF-B1C0-4AF4-9275-39B0044B563E}.Release|x86.ActiveCfg = Release|Win32
		{6E3E3FCF-B1C0-4AF4-9275-39B0044B563E}.Release|x86.Build.0 = Release|Win32
		{58639826-A6C3-49A9-9211-A6D95F87B222}.Debug|x64.ActiveCfg = Debug|x64
		{58639826-A6C3-49A9-9211-A6D95F87B222}.Debug|x64.Build.0 = Debug|x64
		{58639826-A6C3-49A9-9211-A6D95F87B222}.Debug|x86.ActiveCfg = Debug|Win32
		{58639826-A6C3-49A9-9211-A6D95F87B222}.Debug|x86.Build.0 = Debug|Win32
		{58639826-A6C3-49A9-9211-A6D95F87B222}.Release|x64.ActiveCfg = Release|x64
		{58639826-A6C3-49A9-9211-A6D95F87B222}.Release|x64.Build.0 = Release|x64
		{58639826-A6C3-49A9-9211-A6D95F87B222}.Release|x86.ActiveCfg = Release|Win32
		{58639826-A6C3-49A9-9211-A6D95F87B222}.Release|x86.Build.0 = Release|Win32
		{665FB339-EC8E-4CD9-AA35-627CE159E25C}.Debug|x64.ActiveCfg = Debug|x64
		{665FB339-EC8E-4CD9-AA35-627CE159E25C}.Debug|x64.Build.0 = Debug|x64
		{665FB339-EC8E-4CD9-AA35-627CE159E25C}.Debug|x86.ActiveCfg = Debug|Win32
		{665FB339-EC8E-4CD9-AA35-627CE159E25C}.Debug|x86.Build.0 = Debug|Win32
		{665FB339-EC8E-4CD9-AA35-627CE159E25C}.Release|x64.ActiveCfg = Release|x64
		{665FB339-EC8E-4CD9-AA35-627CE159E25C}.Release|x64.Build.0 = Release|x64
		{665FB339-EC8E-4CD9-AA35-627CE159E25C}.Release|x86.ActiveCfg = Release|Win32
		{665FB339-EC8E-4CD9-AA35-627CE159E25C}.Release|x86.Build.0 = Release|Win32
		{63856AA6-181E-45F1-A987-8A4443EA662A}.Debug|x64.ActiveCfg = Debug|x64
		{63856AA6-181E-45F1-A987-8A4443EA662A}.Debug|x64.Build.0 = Debug|x64
		{63856AA6-181E-45F1-A987-8A4443EA662A}.Debug|x86.ActiveCfg = Debug|Win32
		{63856AA6-181E-45F1-A987-8A4443EA662A}.Debug|x86.Build.0 = Debug|Win32
		{63856AA6-181E-45F1-A987-8A4443EA662A}.Release|x64.ActiveCfg = Release|x64
		{63856AA6-181E-45F1-A987-8A4443EA662A}.Release|x64.Build.0 = Release|x64
		{63856AA6-181E-45F1-A987-8A4443EA662A}.Release|x86.ActiveCfg = Release|Win32
		{63856AA6-181E-45F1-A987-8A4443EA662A}.Release|x86.Build.0 = Release|Win32
		{1F252888-D0A6-4266-B80A-81E2132B02DC}.Debug|x64.ActiveCfg = Debug|x64
		{1F252888-D0A6-4266-B80A-81E2132B02DC}.Debug|x64.Build.0 = Debug|x64
		{1F252888-D0A6-4266-B80A-81E2132B02DC}.Debug|x86.ActiveCfg = Debug|Win32
		{1F252888-D0A6-4266-B80A-81E2132B02DC}.Debug|x86.Build.0 = Debug|Win32
		{1F252888-D0A6-4266-B80A-81E2132B02DC}.Release|x64.ActiveCfg = Release|x64
		{1F252888-D0A6-4266-B80A-81E2132B02DC}.Release|x64.Build.0 = Release|x64
		{1F252888-D0A6-4266-B80A-81E2132B02DC}.Release|x86.ActiveCfg = Release|Win32
		{1F252888-D0A6-4266-B80A-81E2132B02DC}.Release|x86.Build.0 = Release|Win32
		{FFBD5F50-C2DA-444D-B341-EA958E5DFECC}.Debug|x64.ActiveCfg = Debug|x64
		{FFBD5F50-C2DA-444D-B341-EA958E5DFECC}.Debug|x64.Build.0 = Debug|x64
		{FFBD5F50-C2DA-444D-B341-EA958E5DFECC}.Debug|x86.ActiveCfg = Debug|Win32
		{FFBD5F50-C2DA-444D-B341-EA958E5DFECC}.Debug|x86.Build.0 = Debug|Win32
		{FFBD5F50-C2DA-444D-B341-EA958E5DFECC}.Release|x64.ActiveCfg = Release|x64
		{FFBD5F50-C2DA-444D-B341-EA958E5DFECC}.Release|x64.Build.0 = Release|x64
		{FFBD5F50-C2DA-444D-B341-EA958E5DFECC}.Release|x86.ActiveCfg = Release|Win32
		{FFBD5F50-C2DA-444D-B341-EA958E5DFECC}.Release|x86.Build.0 = Release|Win32
		{BB4277ED-E058-4A5C-9C8A-C754EF61CC41}.Debug|x64.ActiveCfg = Debug|x64
		{BB4277ED-E058-4A5C-9C8A-C754EF61CC41}.Debug|x64.Build.0 = Debug|x64
		{BB4277ED-E058-4A5C-9C8A-C754EF61CC41}.Debug|x86.ActiveCfg = Debug|Win32
		{BB4277ED-E058-4A5C-9C8A-C754EF61CC41}.Debug|x86.Build.0 = Debug|Win32
		{BB4277ED-E058-4A5C-9C8A-C754EF61CC41}.Release|x64.ActiveCfg = Release|x64
		{BB4277ED-E058-4A5C-9C8A-C754EF61CC41}.Release|x64.Build.0 = Release|x64
		{BB4277ED-E058-4A5C-9C8A-C754EF61CC41}.Release|x86.ActiveCfg = Release|Win32
		{BB4277ED-E058-4A5C-9C8A-C754EF61CC41}.Release|x86.Build.0 = Release|Win32
		{15286212-3CB6-446F-9768-53C8C030B670}.Debug|x64.ActiveCfg = Debug|x64
		{15286212-3CB6-446F-9768-53C8C030B670}.Debug|x64.Build.0 = Debug|x64
		{15286212-3CB6-446F-9768-53C8C030B670}.Debug|x86.ActiveCfg = Debug|Win32
		{15286212-3CB6-446F-9768-53C8C030B670}.Debug|x86.Build.0 = Debug|Win32
		{15286212-3CB6-446F-9768-53C8C030B670}.Release|x64.ActiveCfg = Release|x64
		{15286212-3CB6-446F-9768-53C8C030B670}.Release|x64.Build.0 = Release|x64
		{15286212-3CB6-446F-9768-53C8C030B670}.Release|x86.ActiveCfg = Release|Win32
		{15286212-3CB6-446F-9768-53C8C030B670}.Release|x86.Build.0 = Release|Win32
		{803E6E72-B527-4FE8-92AD-DEDA63604713}.Debug|x64.ActiveCfg = Debug|x64
		{803E6E72-B527-4FE8-92AD-DEDA63604713}.Debug|x64.Build.0 = Debug|x64
		{803E6E72-B527-4FE8-92AD-DEDA63604713}.Debug|x86.ActiveCfg = Debug|Win32
		{803E6E72-B527-4FE8-92AD-DEDA63604713}.Debug|x86.Build.0 = Debug|Win32
		{803E6E72-B527-4FE8-92AD-DEDA63604713}.Release|x64.ActiveCfg = Release|x64
		{803E6E72-B527-4FE8-92AD-DEDA63604713}.Release|x64.Build.0 = Release|x64
		{803E6E72-B527-4FE8-92AD-DEDA63604713}.Release|x86.ActiveCfg = Release|Win32
		{803E6E72-B527-4FE8-92AD-DEDA63604713}.Release|x86.Build.0 = Release|Win32
		{CE6B0108-0A56-4BD2-8238-A146CC4ADEC2}.Debug|x64.ActiveCfg = Debug|x64
		{CE6B0108-0A56-4BD2-8238-A146CC4ADEC2}.Debug|x64.Build.0 = Debug|x64
		{CE6B0108-0A56-4BD2-8238-A146CC4ADEC2}.Debug|x86.ActiveCfg = Debug|Win32
		{CE6B0108-0A56-4BD2-8238-A146CC4ADEC2}.Debug|x86.Build.0 = Debug|Win32
		{CE6B0108-0A56-4BD2-8238-A146CC4ADEC2}.Release|x64.ActiveCfg = Release|x64
		{CE6B0108-0A56-4BD2-8238-A146CC4ADEC2}.Release|x64.Build.0 = Release|x64
		{CE6B0108-0A56-4BD2-8238-A146CC4ADEC2}.Release|x86.ActiveCfg = Release|Win32
		{CE6B0108-0A56-4BD2-8238-A146CC4ADEC2}.Release|x86.Build.0 = Release|Win32
		{6E936108-5CAA-4FBB-B6CD-1589B16E1A48}.Debug|x64.ActiveCfg = Debug|x64
		{6E936108-5CAA-4FBB-B6CD-1589B16E1A48}.Debug|x64.Build.0 = Debug|x64
		{6E936108-5CAA-4FBB-B6CD-1589B16E1A48}.Debug|x86.ActiveCfg = Debug|Win32
		{6E936108-5CAA-4FBB-B6CD-1589B16E1A48}.Debug|x86.Build.0 = Debug|Win32
		{6E936108-5CAA-4FBB-B6CD-1589B16E1A48}.Release|x64.ActiveCfg = Release|x64
		{6E936108-5CAA-4FBB-B6CD-1589B16E1A48}.Release|x64.Build.0 = Release|x64
		{6E936108-5CAA-4FBB-B6CD-1589B16E1A48}.Release|x86.ActiveCfg = Release|Win32
		{6E936108-5CAA-4FBB-B6CD-1589B16E1A48}.Release|x86.Build.0 = Release|Win32
		{E9FD72AA-EC63-4F80-B748-8CC69C219A1B}.Debug|x64.ActiveCfg = Debug|x64
		{E9FD72AA-EC63-4F80-B748-8CC69C219A1B}.Debug|x64.Build.0 = Debug|x64
		{E9FD72AA-EC63-4F80-B748-8CC69C219A1B}.Debug|x86.ActiveCfg = Debug|Win32
		{E9FD72AA-EC63-4F80-B748-8CC69C219A1B}.Debug|x86.Build.0 = Debug|Win32
		{E9FD72AA-EC63-4F80-B748-8CC69C219A1B}.Release|x64.ActiveCfg = Release|x64
		{E9FD72AA-EC63-4F80-B748-8CC69C219A1B}.Release|x64.Build.0 = Release|x64
		{E9FD72AA-EC63-4F80-B748-8CC69C219A1B}.Release|x86.ActiveCfg = Release|Win32
		{E9FD72AA-EC63-4F80-B748-8CC69C219A1B}.Release|x86.Build.0 = Release|Win32
		{F8F11AE3-A60A-4CE9-9121-26BE4823DD53}.Debug|x64.ActiveCfg = Debug|x64
		{F8F11AE3-A60A-4CE9-9121-26BE4823DD53}.Debug|x64.Build.0 = Debug|x64
		{F8F11AE3-A60A-4CE9-9121-26BE4823DD53}.Debug|x86.ActiveCfg = Debug|Win32
		{F8F11AE3-A60A-4CE9-9121-26BE4823DD53}.Debug|x86.Build.0 = Debug|Win32
		{F8F11AE3-A60A-4CE9-9121-26BE4823DD53}.Release|x64.ActiveCfg = Release|x64
		{F8F11AE3-A60A-4CE9-9121-26BE4823DD53}.Release|x64.Build.0 = Release|x64
		{F8F11AE3-A60A-4CE9-9121-26BE4823DD53}.Release|x86.ActiveCfg = Release|Win32
		{F8F11AE3-A60A-4CE9-9121-26BE4823DD53}.Release|x86.Build.0 = Release|Win32
		{6B45093C-6476-4AFE-B94B-ECAB6C9AE52B}.Debug|x64.ActiveCfg = Debug|x64
		{6B45093C-6476-4AFE-B94B-ECAB6C9AE52B}.Debug|x64.Build.0 = Debug|x64
		{6B45093C-6476-4AFE-B94B-ECAB6C9AE52B}.Debug|x86.ActiveCfg = Debug|Win32
		{6B45093C-6476-4AFE-B94B-ECAB6C9AE52B}.Debug|x86.Build.0 = Debug|Win32
		{6B45093C-6476-4AFE-B94B-ECAB6C9AE52B}.Release|x64.ActiveCfg = Release|x64
		{6B45093C-6476-4AFE-B94B-ECAB6C9AE52B}.Release|x64.Build.0 = Release|x64
		{6B45093C-6476-4AFE-B94B-ECAB6C9AE52B}.Release|x86.ActiveCfg = Release|Win32
		{6B45093C-6476-4AFE-B94B-ECAB6C9AE52B}.Release|x86.Build.0 = Release|Win32
	EndGlobalSection
	GlobalSection(SolutionProperties) = preSolution
		HideSolutionNode = FALSE
	EndGlobalSection
	GlobalSection(ExtensibilityGlobals) = postSolution
		SolutionGuid = {708EA1DB-E0A9-4982-A64E-96F2421D043B}
	EndGlobalSection
EndGlobal
